
Microsoft Visual Studio Solution File, Format Version 12.00
# Visual Studio Version 16
VisualStudioVersion = 16.0.31613.86
MinimumVisualStudioVersion = 10.0.40219.1
Project("{FAE04EC0-301F-11D3-BF4B-00C04F79EFBC}") = "CpmPedidos.Domain", "CpmPedidos.Domain\CpmPedidos.Domain.csproj", "{7EE5B125-D834-41EA-9E0C-9C11F11FB02B}"
EndProject
Project("{FAE04EC0-301F-11D3-BF4B-00C04F79EFBC}") = "CpmPedidos.Interface", "CpmPedidos.Interface\CpmPedidos.Interface.csproj", "{680B904C-0B35-4455-A6E9-5C213B3F251A}"
EndProject
Project("{FAE04EC0-301F-11D3-BF4B-00C04F79EFBC}") = "CpmPedidos.Repository", "CpmPedidos.Repository\CpmPedidos.Repository.csproj", "{371C6144-522B-4D8B-BEE2-6D32977D0D03}"
EndProject
Project("{FAE04EC0-301F-11D3-BF4B-00C04F79EFBC}") = "CpmPedidos.API", "CpmPedidos.API\CpmPedidos.API.csproj", "{74531138-3853-4906-858A-B817EF0265F7}"
EndProject
Global
	GlobalSection(SolutionConfigurationPlatforms) = preSolution
		Debug|Any CPU = Debug|Any CPU
		Release|Any CPU = Release|Any CPU
	EndGlobalSection
	GlobalSection(ProjectConfigurationPlatforms) = postSolution
		{7EE5B125-D834-41EA-9E0C-9C11F11FB02B}.Debug|Any CPU.ActiveCfg = Debug|Any CPU
		{7EE5B125-D834-41EA-9E0C-9C11F11FB02B}.Debug|Any CPU.Build.0 = Debug|Any CPU
		{7EE5B125-D834-41EA-9E0C-9C11F11FB02B}.Release|Any CPU.ActiveCfg = Release|Any CPU
		{7EE5B125-D834-41EA-9E0C-9C11F11FB02B}.Release|Any CPU.Build.0 = Release|Any CPU
		{680B904C-0B35-4455-A6E9-5C213B3F251A}.Debug|Any CPU.ActiveCfg = Debug|Any CPU
		{680B904C-0B35-4455-A6E9-5C213B3F251A}.Debug|Any CPU.Build.0 = Debug|Any CPU
		{680B904C-0B35-4455-A6E9-5C213B3F251A}.Release|Any CPU.ActiveCfg = Release|Any CPU
		{680B904C-0B35-4455-A6E9-5C213B3F251A}.Release|Any CPU.Build.0 = Release|Any CPU
		{371C6144-522B-4D8B-BEE2-6D32977D0D03}.Debug|Any CPU.ActiveCfg = Debug|Any CPU
		{371C6144-522B-4D8B-BEE2-6D32977D0D03}.Debug|Any CPU.Build.0 = Debug|Any CPU
		{371C6144-522B-4D8B-BEE2-6D32977D0D03}.Release|Any CPU.ActiveCfg = Release|Any CPU
		{371C6144-522B-4D8B-BEE2-6D32977D0D03}.Release|Any CPU.Build.0 = Release|Any CPU
		{74531138-3853-4906-858A-B817EF0265F7}.Debug|Any CPU.ActiveCfg = Debug|Any CPU
		{74531138-3853-4906-858A-B817EF0265F7}.Debug|Any CPU.Build.0 = Debug|Any CPU
		{74531138-3853-4906-858A-B817EF0265F7}.Release|Any CPU.ActiveCfg = Release|Any CPU
		{74531138-3853-4906-858A-B817EF0265F7}.Release|Any CPU.Build.0 = Release|Any CPU
	EndGlobalSection
	GlobalSection(SolutionProperties) = preSolution
		HideSolutionNode = FALSE
	EndGlobalSection
	GlobalSection(ExtensibilityGlobals) = postSolution
		SolutionGuid = {20052CFC-452B-4808-8152-F1A6ACD43125}
	EndGlobalSection
EndGlobal
